
Microsoft Visual Studio Solution File, Format Version 12.00
# Visual Studio Version 16
VisualStudioVersion = 16.0.30104.148
MinimumVisualStudioVersion = 10.0.40219.1
Project("{FAE04EC0-301F-11D3-BF4B-00C04F79EFBC}") = "WithYouApp", "WithYouApp\WithYouApp.csproj", "{24F52296-A977-406A-AE02-44A74F028117}"
EndProject
Global
	GlobalSection(SolutionConfigurationPlatforms) = preSolution
		Debug|Any CPU = Debug|Any CPU
		Release|Any CPU = Release|Any CPU
	EndGlobalSection
	GlobalSection(ProjectConfigurationPlatforms) = postSolution
		{24F52296-A977-406A-AE02-44A74F028117}.Debug|Any CPU.ActiveCfg = Debug|Any CPU
		{24F52296-A977-406A-AE02-44A74F028117}.Debug|Any CPU.Build.0 = Debug|Any CPU
		{24F52296-A977-406A-AE02-44A74F028117}.Release|Any CPU.ActiveCfg = Release|Any CPU
		{24F52296-A977-406A-AE02-44A74F028117}.Release|Any CPU.Build.0 = Release|Any CPU
	EndGlobalSection
	GlobalSection(SolutionProperties) = preSolution
		HideSolutionNode = FALSE
	EndGlobalSection
	GlobalSection(ExtensibilityGlobals) = postSolution
		SolutionGuid = {BA60DA88-DE8F-42DD-B6CF-4D3591BCA5B7}
	EndGlobalSection
EndGlobal
